// !$*UTF8*$!
{
	archiveVersion = 1;
	classes = {
	};
	objectVersion = 50;
	objects = {

/* Begin PBXBuildFile section */
		2D0A47DA80144ECC8849CB56 /* libPods-CanadaTests.a in Frameworks */ = {isa = PBXBuildFile; fileRef = 65680F199B755D60F50D0A63 /* libPods-CanadaTests.a */; };
		2F7FD206E080FFAA05C9E5C2 /* Pods_Canada.framework in Frameworks */ = {isa = PBXBuildFile; fileRef = 9BF9D8EBCBDE392454547B71 /* Pods_Canada.framework */; };
		502937B322608217005D084D /* FactCollectionViewCell.swift in Sources */ = {isa = PBXBuildFile; fileRef = 502937B222608217005D084D /* FactCollectionViewCell.swift */; };
		502937B5226082C0005D084D /* CollectionDataSourceDelegate.swift in Sources */ = {isa = PBXBuildFile; fileRef = 502937B4226082C0005D084D /* CollectionDataSourceDelegate.swift */; };
		502937B722609B91005D084D /* CanadaFacts.swift in Sources */ = {isa = PBXBuildFile; fileRef = 502937B622609B91005D084D /* CanadaFacts.swift */; };
		5036140722654E6F00BFA8C0 /* ImageLoadHelper.swift in Sources */ = {isa = PBXBuildFile; fileRef = 5036140622654E6F00BFA8C0 /* ImageLoadHelper.swift */; };
		5036140B22656C0200BFA8C0 /* UIViewAnchor.swift in Sources */ = {isa = PBXBuildFile; fileRef = 5036140A22656C0200BFA8C0 /* UIViewAnchor.swift */; };
		5036140D2265A22600BFA8C0 /* CanadaFactManager.swift in Sources */ = {isa = PBXBuildFile; fileRef = 5036140C2265A22600BFA8C0 /* CanadaFactManager.swift */; };
		509096B4225F55A700FD349B /* AppDelegate.swift in Sources */ = {isa = PBXBuildFile; fileRef = 509096B3225F55A700FD349B /* AppDelegate.swift */; };
		509096B6225F55A700FD349B /* CanadaViewController.swift in Sources */ = {isa = PBXBuildFile; fileRef = 509096B5225F55A700FD349B /* CanadaViewController.swift */; };
		509096BE225F55A800FD349B /* Assets.xcassets in Resources */ = {isa = PBXBuildFile; fileRef = 509096BD225F55A800FD349B /* Assets.xcassets */; };
		509096C1225F55A800FD349B /* LaunchScreen.storyboard in Resources */ = {isa = PBXBuildFile; fileRef = 509096BF225F55A800FD349B /* LaunchScreen.storyboard */; };
		509096D7225F55A800FD349B /* CanadaUITests.swift in Sources */ = {isa = PBXBuildFile; fileRef = 509096D6225F55A800FD349B /* CanadaUITests.swift */; };
		509096EF225FA48200FD349B /* RequestError.swift in Sources */ = {isa = PBXBuildFile; fileRef = 509096EC225FA48200FD349B /* RequestError.swift */; };
		509096F0225FA48200FD349B /* RestClientManager.swift in Sources */ = {isa = PBXBuildFile; fileRef = 509096ED225FA48200FD349B /* RestClientManager.swift */; };
		509096F1225FA48200FD349B /* RestRequestProtocol.swift in Sources */ = {isa = PBXBuildFile; fileRef = 509096EE225FA48200FD349B /* RestRequestProtocol.swift */; };
		509096F3225FB05300FD349B /* CanadaFactRequest.swift in Sources */ = {isa = PBXBuildFile; fileRef = 509096F2225FB05300FD349B /* CanadaFactRequest.swift */; };
		509096F6225FB18100FD349B /* CanadaHelper.swift in Sources */ = {isa = PBXBuildFile; fileRef = 509096F5225FB18100FD349B /* CanadaHelper.swift */; };
		509096F8225FB3F000FD349B /* RestClientTest.swift in Sources */ = {isa = PBXBuildFile; fileRef = 509096F7225FB3F000FD349B /* RestClientTest.swift */; };
		509096FB225FB44300FD349B /* CanadaRequestTest.swift in Sources */ = {isa = PBXBuildFile; fileRef = 509096FA225FB44300FD349B /* CanadaRequestTest.swift */; };
		509096FE225FC64400FD349B /* Alamofire.framework in Frameworks */ = {isa = PBXBuildFile; fileRef = 509096FD225FC64400FD349B /* Alamofire.framework */; };
		B3CD7E99238EB834E5203C01 /* libPods-CanadaUITests.a in Frameworks */ = {isa = PBXBuildFile; fileRef = 950F2AD597E1D3E597960AD6 /* libPods-CanadaUITests.a */; };
/* End PBXBuildFile section */

/* Begin PBXContainerItemProxy section */
		509096C8225F55A800FD349B /* PBXContainerItemProxy */ = {
			isa = PBXContainerItemProxy;
			containerPortal = 509096A8225F55A700FD349B /* Project object */;
			proxyType = 1;
			remoteGlobalIDString = 509096AF225F55A700FD349B;
			remoteInfo = Canada;
		};
		509096D3225F55A800FD349B /* PBXContainerItemProxy */ = {
			isa = PBXContainerItemProxy;
			containerPortal = 509096A8225F55A700FD349B /* Project object */;
			proxyType = 1;
			remoteGlobalIDString = 509096AF225F55A700FD349B;
			remoteInfo = Canada;
		};
/* End PBXContainerItemProxy section */

/* Begin PBXFileReference section */
		0B80D19728991ACBD457C5A3 /* Pods-CanadaUITests.debug.xcconfig */ = {isa = PBXFileReference; includeInIndex = 1; lastKnownFileType = text.xcconfig; name = "Pods-CanadaUITests.debug.xcconfig"; path = "Pods/Target Support Files/Pods-CanadaUITests/Pods-CanadaUITests.debug.xcconfig"; sourceTree = "<group>"; };
		168601AA6FA5E70C0F7C541D /* Pods-CanadaUITests.release.xcconfig */ = {isa = PBXFileReference; includeInIndex = 1; lastKnownFileType = text.xcconfig; name = "Pods-CanadaUITests.release.xcconfig"; path = "Pods/Target Support Files/Pods-CanadaUITests/Pods-CanadaUITests.release.xcconfig"; sourceTree = "<group>"; };
		502937B222608217005D084D /* FactCollectionViewCell.swift */ = {isa = PBXFileReference; lastKnownFileType = sourcecode.swift; path = FactCollectionViewCell.swift; sourceTree = "<group>"; };
		502937B4226082C0005D084D /* CollectionDataSourceDelegate.swift */ = {isa = PBXFileReference; lastKnownFileType = sourcecode.swift; path = CollectionDataSourceDelegate.swift; sourceTree = "<group>"; };
		502937B622609B91005D084D /* CanadaFacts.swift */ = {isa = PBXFileReference; fileEncoding = 4; lastKnownFileType = sourcecode.swift; path = CanadaFacts.swift; sourceTree = "<group>"; };
		5036140622654E6F00BFA8C0 /* ImageLoadHelper.swift */ = {isa = PBXFileReference; lastKnownFileType = sourcecode.swift; path = ImageLoadHelper.swift; sourceTree = "<group>"; };
		5036140A22656C0200BFA8C0 /* UIViewAnchor.swift */ = {isa = PBXFileReference; lastKnownFileType = sourcecode.swift; path = UIViewAnchor.swift; sourceTree = "<group>"; };
		5036140C2265A22600BFA8C0 /* CanadaFactManager.swift */ = {isa = PBXFileReference; lastKnownFileType = sourcecode.swift; path = CanadaFactManager.swift; sourceTree = "<group>"; };
		509096B0225F55A700FD349B /* Canada.app */ = {isa = PBXFileReference; explicitFileType = wrapper.application; includeInIndex = 0; path = Canada.app; sourceTree = BUILT_PRODUCTS_DIR; };
		509096B3225F55A700FD349B /* AppDelegate.swift */ = {isa = PBXFileReference; lastKnownFileType = sourcecode.swift; path = AppDelegate.swift; sourceTree = "<group>"; };
		509096B5225F55A700FD349B /* CanadaViewController.swift */ = {isa = PBXFileReference; lastKnownFileType = sourcecode.swift; path = CanadaViewController.swift; sourceTree = "<group>"; };
		509096BD225F55A800FD349B /* Assets.xcassets */ = {isa = PBXFileReference; lastKnownFileType = folder.assetcatalog; path = Assets.xcassets; sourceTree = "<group>"; };
		509096C0225F55A800FD349B /* Base */ = {isa = PBXFileReference; lastKnownFileType = file.storyboard; name = Base; path = Base.lproj/LaunchScreen.storyboard; sourceTree = "<group>"; };
		509096C2225F55A800FD349B /* Info.plist */ = {isa = PBXFileReference; lastKnownFileType = text.plist.xml; path = Info.plist; sourceTree = "<group>"; };
		509096C7225F55A800FD349B /* CanadaTests.xctest */ = {isa = PBXFileReference; explicitFileType = wrapper.cfbundle; includeInIndex = 0; path = CanadaTests.xctest; sourceTree = BUILT_PRODUCTS_DIR; };
		509096CD225F55A800FD349B /* Info.plist */ = {isa = PBXFileReference; lastKnownFileType = text.plist.xml; path = Info.plist; sourceTree = "<group>"; };
		509096D2225F55A800FD349B /* CanadaUITests.xctest */ = {isa = PBXFileReference; explicitFileType = wrapper.cfbundle; includeInIndex = 0; path = CanadaUITests.xctest; sourceTree = BUILT_PRODUCTS_DIR; };
		509096D6225F55A800FD349B /* CanadaUITests.swift */ = {isa = PBXFileReference; lastKnownFileType = sourcecode.swift; path = CanadaUITests.swift; sourceTree = "<group>"; };
		509096D8225F55A800FD349B /* Info.plist */ = {isa = PBXFileReference; lastKnownFileType = text.plist.xml; path = Info.plist; sourceTree = "<group>"; };
		509096EC225FA48200FD349B /* RequestError.swift */ = {isa = PBXFileReference; fileEncoding = 4; lastKnownFileType = sourcecode.swift; path = RequestError.swift; sourceTree = "<group>"; };
		509096ED225FA48200FD349B /* RestClientManager.swift */ = {isa = PBXFileReference; fileEncoding = 4; lastKnownFileType = sourcecode.swift; path = RestClientManager.swift; sourceTree = "<group>"; };
		509096EE225FA48200FD349B /* RestRequestProtocol.swift */ = {isa = PBXFileReference; fileEncoding = 4; lastKnownFileType = sourcecode.swift; path = RestRequestProtocol.swift; sourceTree = "<group>"; };
		509096F2225FB05300FD349B /* CanadaFactRequest.swift */ = {isa = PBXFileReference; lastKnownFileType = sourcecode.swift; path = CanadaFactRequest.swift; sourceTree = "<group>"; };
		509096F5225FB18100FD349B /* CanadaHelper.swift */ = {isa = PBXFileReference; lastKnownFileType = sourcecode.swift; path = CanadaHelper.swift; sourceTree = "<group>"; };
		509096F7225FB3F000FD349B /* RestClientTest.swift */ = {isa = PBXFileReference; lastKnownFileType = sourcecode.swift; path = RestClientTest.swift; sourceTree = "<group>"; };
		509096FA225FB44300FD349B /* CanadaRequestTest.swift */ = {isa = PBXFileReference; lastKnownFileType = sourcecode.swift; path = CanadaRequestTest.swift; sourceTree = "<group>"; };
		509096FD225FC64400FD349B /* Alamofire.framework */ = {isa = PBXFileReference; explicitFileType = wrapper.framework; path = Alamofire.framework; sourceTree = BUILT_PRODUCTS_DIR; };
		65680F199B755D60F50D0A63 /* libPods-CanadaTests.a */ = {isa = PBXFileReference; explicitFileType = archive.ar; includeInIndex = 0; path = "libPods-CanadaTests.a"; sourceTree = BUILT_PRODUCTS_DIR; };
		950F2AD597E1D3E597960AD6 /* libPods-CanadaUITests.a */ = {isa = PBXFileReference; explicitFileType = archive.ar; includeInIndex = 0; path = "libPods-CanadaUITests.a"; sourceTree = BUILT_PRODUCTS_DIR; };
		9B722CEEDC46279B0DA2899E /* Pods-Canada.release.xcconfig */ = {isa = PBXFileReference; includeInIndex = 1; lastKnownFileType = text.xcconfig; name = "Pods-Canada.release.xcconfig"; path = "Pods/Target Support Files/Pods-Canada/Pods-Canada.release.xcconfig"; sourceTree = "<group>"; };
		9BF9D8EBCBDE392454547B71 /* Pods_Canada.framework */ = {isa = PBXFileReference; explicitFileType = wrapper.framework; includeInIndex = 0; path = Pods_Canada.framework; sourceTree = BUILT_PRODUCTS_DIR; };
		AB75E2EC0D8D7CCAD7C3FCD0 /* Pods-CanadaTests.debug.xcconfig */ = {isa = PBXFileReference; includeInIndex = 1; lastKnownFileType = text.xcconfig; name = "Pods-CanadaTests.debug.xcconfig"; path = "Pods/Target Support Files/Pods-CanadaTests/Pods-CanadaTests.debug.xcconfig"; sourceTree = "<group>"; };
		B2C6A2194AE322DB0E15BF60 /* Pods-Canada.debug.xcconfig */ = {isa = PBXFileReference; includeInIndex = 1; lastKnownFileType = text.xcconfig; name = "Pods-Canada.debug.xcconfig"; path = "Pods/Target Support Files/Pods-Canada/Pods-Canada.debug.xcconfig"; sourceTree = "<group>"; };
		DFD50FC0CA2C6DD3D939F8B0 /* Pods-CanadaTests.release.xcconfig */ = {isa = PBXFileReference; includeInIndex = 1; lastKnownFileType = text.xcconfig; name = "Pods-CanadaTests.release.xcconfig"; path = "Pods/Target Support Files/Pods-CanadaTests/Pods-CanadaTests.release.xcconfig"; sourceTree = "<group>"; };
/* End PBXFileReference section */

/* Begin PBXFrameworksBuildPhase section */
		509096AD225F55A700FD349B /* Frameworks */ = {
			isa = PBXFrameworksBuildPhase;
			buildActionMask = 2147483647;
			files = (
				509096FE225FC64400FD349B /* Alamofire.framework in Frameworks */,
				2F7FD206E080FFAA05C9E5C2 /* Pods_Canada.framework in Frameworks */,
			);
			runOnlyForDeploymentPostprocessing = 0;
		};
		509096C4225F55A800FD349B /* Frameworks */ = {
			isa = PBXFrameworksBuildPhase;
			buildActionMask = 2147483647;
			files = (
				2D0A47DA80144ECC8849CB56 /* libPods-CanadaTests.a in Frameworks */,
			);
			runOnlyForDeploymentPostprocessing = 0;
		};
		509096CF225F55A800FD349B /* Frameworks */ = {
			isa = PBXFrameworksBuildPhase;
			buildActionMask = 2147483647;
			files = (
				B3CD7E99238EB834E5203C01 /* libPods-CanadaUITests.a in Frameworks */,
			);
			runOnlyForDeploymentPostprocessing = 0;
		};
/* End PBXFrameworksBuildPhase section */

/* Begin PBXGroup section */
		210604EF0CAFBA9A8CB190C5 /* Pods */ = {
			isa = PBXGroup;
			children = (
				B2C6A2194AE322DB0E15BF60 /* Pods-Canada.debug.xcconfig */,
				9B722CEEDC46279B0DA2899E /* Pods-Canada.release.xcconfig */,
				AB75E2EC0D8D7CCAD7C3FCD0 /* Pods-CanadaTests.debug.xcconfig */,
				DFD50FC0CA2C6DD3D939F8B0 /* Pods-CanadaTests.release.xcconfig */,
				0B80D19728991ACBD457C5A3 /* Pods-CanadaUITests.debug.xcconfig */,
				168601AA6FA5E70C0F7C541D /* Pods-CanadaUITests.release.xcconfig */,
			);
			name = Pods;
			sourceTree = "<group>";
		};
		2E23806F72F1DE71CBD0986A /* Frameworks */ = {
			isa = PBXGroup;
			children = (
				509096FD225FC64400FD349B /* Alamofire.framework */,
				9BF9D8EBCBDE392454547B71 /* Pods_Canada.framework */,
				65680F199B755D60F50D0A63 /* libPods-CanadaTests.a */,
				950F2AD597E1D3E597960AD6 /* libPods-CanadaUITests.a */,
			);
			name = Frameworks;
			sourceTree = "<group>";
		};
		502937B0226081E1005D084D /* Controllers */ = {
			isa = PBXGroup;
			children = (
				509096B5225F55A700FD349B /* CanadaViewController.swift */,
			);
			path = Controllers;
			sourceTree = "<group>";
		};
		502937B1226081EE005D084D /* Views */ = {
			isa = PBXGroup;
			children = (
				502937B222608217005D084D /* FactCollectionViewCell.swift */,
				502937B4226082C0005D084D /* CollectionDataSourceDelegate.swift */,
			);
			path = Views;
			sourceTree = "<group>";
		};
		5036140E2265E15300BFA8C0 /* Tests */ = {
			isa = PBXGroup;
			children = (
				509096F7225FB3F000FD349B /* RestClientTest.swift */,
			);
			path = Tests;
			sourceTree = "<group>";
		};
		509096A7225F55A700FD349B = {
			isa = PBXGroup;
			children = (
				509096B2225F55A700FD349B /* Canada */,
				509096CA225F55A800FD349B /* CanadaTests */,
				509096D5225F55A800FD349B /* CanadaUITests */,
				509096B1225F55A700FD349B /* Products */,
				210604EF0CAFBA9A8CB190C5 /* Pods */,
				2E23806F72F1DE71CBD0986A /* Frameworks */,
			);
			sourceTree = "<group>";
		};
		509096B1225F55A700FD349B /* Products */ = {
			isa = PBXGroup;
			children = (
				509096B0225F55A700FD349B /* Canada.app */,
				509096C7225F55A800FD349B /* CanadaTests.xctest */,
				509096D2225F55A800FD349B /* CanadaUITests.xctest */,
			);
			name = Products;
			sourceTree = "<group>";
		};
		509096B2225F55A700FD349B /* Canada */ = {
			isa = PBXGroup;
			children = (
				509096E6225F55E000FD349B /* Scenes */,
				509096E5225F55C900FD349B /* Models */,
				509096E8225F565D00FD349B /* Workers */,
				509096E4225F55B200FD349B /* Resources */,
				509096E7225F55ED00FD349B /* SupportingFiles */,
			);
			path = Canada;
			sourceTree = "<group>";
		};
		509096CA225F55A800FD349B /* CanadaTests */ = {
			isa = PBXGroup;
			children = (
				5036140E2265E15300BFA8C0 /* Tests */,
				509096F9225FB3F500FD349B /* ProtocolMock */,
				509096CD225F55A800FD349B /* Info.plist */,
			);
			path = CanadaTests;
			sourceTree = "<group>";
		};
		509096D5225F55A800FD349B /* CanadaUITests */ = {
			isa = PBXGroup;
			children = (
				509096D6225F55A800FD349B /* CanadaUITests.swift */,
				509096D8225F55A800FD349B /* Info.plist */,
			);
			path = CanadaUITests;
			sourceTree = "<group>";
		};
		509096E4225F55B200FD349B /* Resources */ = {
			isa = PBXGroup;
			children = (
				509096BD225F55A800FD349B /* Assets.xcassets */,
				509096BF225F55A800FD349B /* LaunchScreen.storyboard */,
			);
			path = Resources;
			sourceTree = "<group>";
		};
		509096E5225F55C900FD349B /* Models */ = {
			isa = PBXGroup;
			children = (
				502937B622609B91005D084D /* CanadaFacts.swift */,
				5036140C2265A22600BFA8C0 /* CanadaFactManager.swift */,
			);
			path = Models;
			sourceTree = "<group>";
		};
		509096E6225F55E000FD349B /* Scenes */ = {
			isa = PBXGroup;
			children = (
				502937B1226081EE005D084D /* Views */,
				502937B0226081E1005D084D /* Controllers */,
			);
			path = Scenes;
			sourceTree = "<group>";
		};
		509096E7225F55ED00FD349B /* SupportingFiles */ = {
			isa = PBXGroup;
			children = (
				509096B3225F55A700FD349B /* AppDelegate.swift */,
				509096C2225F55A800FD349B /* Info.plist */,
			);
			path = SupportingFiles;
			sourceTree = "<group>";
		};
		509096E8225F565D00FD349B /* Workers */ = {
			isa = PBXGroup;
			children = (
				509096E9225FA43A00FD349B /* RestClientLayer */,
				509096F4225FB16E00FD349B /* Helper */,
			);
			path = Workers;
			sourceTree = "<group>";
		};
		509096E9225FA43A00FD349B /* RestClientLayer */ = {
			isa = PBXGroup;
			children = (
				509096F2225FB05300FD349B /* CanadaFactRequest.swift */,
				509096EE225FA48200FD349B /* RestRequestProtocol.swift */,
				509096ED225FA48200FD349B /* RestClientManager.swift */,
				509096EC225FA48200FD349B /* RequestError.swift */,
			);
			path = RestClientLayer;
			sourceTree = "<group>";
		};
		509096F4225FB16E00FD349B /* Helper */ = {
			isa = PBXGroup;
			children = (
				509096F5225FB18100FD349B /* CanadaHelper.swift */,
				5036140622654E6F00BFA8C0 /* ImageLoadHelper.swift */,
				5036140A22656C0200BFA8C0 /* UIViewAnchor.swift */,
			);
			path = Helper;
			sourceTree = "<group>";
		};
		509096F9225FB3F500FD349B /* ProtocolMock */ = {
			isa = PBXGroup;
			children = (
				509096FA225FB44300FD349B /* CanadaRequestTest.swift */,
			);
			path = ProtocolMock;
			sourceTree = "<group>";
		};
/* End PBXGroup section */

/* Begin PBXNativeTarget section */
		509096AF225F55A700FD349B /* Canada */ = {
			isa = PBXNativeTarget;
			buildConfigurationList = 509096DB225F55A800FD349B /* Build configuration list for PBXNativeTarget "Canada" */;
			buildPhases = (
				5641083A62CFA9B839535E90 /* [CP] Check Pods Manifest.lock */,
				509096AC225F55A700FD349B /* Sources */,
				509096AD225F55A700FD349B /* Frameworks */,
				509096AE225F55A700FD349B /* Resources */,
				6066590E6D6586849763BFA7 /* [CP] Embed Pods Frameworks */,
			);
			buildRules = (
			);
			dependencies = (
			);
			name = Canada;
			productName = Canada;
			productReference = 509096B0225F55A700FD349B /* Canada.app */;
			productType = "com.apple.product-type.application";
		};
		509096C6225F55A800FD349B /* CanadaTests */ = {
			isa = PBXNativeTarget;
			buildConfigurationList = 509096DE225F55A800FD349B /* Build configuration list for PBXNativeTarget "CanadaTests" */;
			buildPhases = (
				DF631781B9B76A124DD2B797 /* [CP] Check Pods Manifest.lock */,
				509096C3225F55A800FD349B /* Sources */,
				509096C4225F55A800FD349B /* Frameworks */,
				509096C5225F55A800FD349B /* Resources */,
			);
			buildRules = (
			);
			dependencies = (
				509096C9225F55A800FD349B /* PBXTargetDependency */,
			);
			name = CanadaTests;
			productName = CanadaTests;
			productReference = 509096C7225F55A800FD349B /* CanadaTests.xctest */;
			productType = "com.apple.product-type.bundle.unit-test";
		};
		509096D1225F55A800FD349B /* CanadaUITests */ = {
			isa = PBXNativeTarget;
			buildConfigurationList = 509096E1225F55A800FD349B /* Build configuration list for PBXNativeTarget "CanadaUITests" */;
			buildPhases = (
				C8EBA96A5697E0F7237B660F /* [CP] Check Pods Manifest.lock */,
				509096CE225F55A800FD349B /* Sources */,
				509096CF225F55A800FD349B /* Frameworks */,
				509096D0225F55A800FD349B /* Resources */,
			);
			buildRules = (
			);
			dependencies = (
				509096D4225F55A800FD349B /* PBXTargetDependency */,
			);
			name = CanadaUITests;
			productName = CanadaUITests;
			productReference = 509096D2225F55A800FD349B /* CanadaUITests.xctest */;
			productType = "com.apple.product-type.bundle.ui-testing";
		};
/* End PBXNativeTarget section */

/* Begin PBXProject section */
		509096A8225F55A700FD349B /* Project object */ = {
			isa = PBXProject;
			attributes = {
				LastSwiftUpdateCheck = 1010;
				LastUpgradeCheck = 1010;
				ORGANIZATIONNAME = Shivam;
				TargetAttributes = {
					509096AF225F55A700FD349B = {
						CreatedOnToolsVersion = 10.1;
					};
					509096C6225F55A800FD349B = {
						CreatedOnToolsVersion = 10.1;
						TestTargetID = 509096AF225F55A700FD349B;
					};
					509096D1225F55A800FD349B = {
						CreatedOnToolsVersion = 10.1;
						TestTargetID = 509096AF225F55A700FD349B;
					};
				};
			};
			buildConfigurationList = 509096AB225F55A700FD349B /* Build configuration list for PBXProject "Canada" */;
			compatibilityVersion = "Xcode 9.3";
			developmentRegion = en;
			hasScannedForEncodings = 0;
			knownRegions = (
				en,
				Base,
			);
			mainGroup = 509096A7225F55A700FD349B;
			productRefGroup = 509096B1225F55A700FD349B /* Products */;
			projectDirPath = "";
			projectRoot = "";
			targets = (
				509096AF225F55A700FD349B /* Canada */,
				509096C6225F55A800FD349B /* CanadaTests */,
				509096D1225F55A800FD349B /* CanadaUITests */,
			);
		};
/* End PBXProject section */

/* Begin PBXResourcesBuildPhase section */
		509096AE225F55A700FD349B /* Resources */ = {
			isa = PBXResourcesBuildPhase;
			buildActionMask = 2147483647;
			files = (
				509096C1225F55A800FD349B /* LaunchScreen.storyboard in Resources */,
				509096BE225F55A800FD349B /* Assets.xcassets in Resources */,
			);
			runOnlyForDeploymentPostprocessing = 0;
		};
		509096C5225F55A800FD349B /* Resources */ = {
			isa = PBXResourcesBuildPhase;
			buildActionMask = 2147483647;
			files = (
			);
			runOnlyForDeploymentPostprocessing = 0;
		};
		509096D0225F55A800FD349B /* Resources */ = {
			isa = PBXResourcesBuildPhase;
			buildActionMask = 2147483647;
			files = (
			);
			runOnlyForDeploymentPostprocessing = 0;
		};
/* End PBXResourcesBuildPhase section */

/* Begin PBXShellScriptBuildPhase section */
		5641083A62CFA9B839535E90 /* [CP] Check Pods Manifest.lock */ = {
			isa = PBXShellScriptBuildPhase;
			buildActionMask = 2147483647;
			files = (
			);
			inputPaths = (
				"${PODS_PODFILE_DIR_PATH}/Podfile.lock",
				"${PODS_ROOT}/Manifest.lock",
			);
			name = "[CP] Check Pods Manifest.lock";
			outputPaths = (
				"$(DERIVED_FILE_DIR)/Pods-Canada-checkManifestLockResult.txt",
			);
			runOnlyForDeploymentPostprocessing = 0;
			shellPath = /bin/sh;
			shellScript = "diff \"${PODS_PODFILE_DIR_PATH}/Podfile.lock\" \"${PODS_ROOT}/Manifest.lock\" > /dev/null\nif [ $? != 0 ] ; then\n    # print error to STDERR\n    echo \"error: The sandbox is not in sync with the Podfile.lock. Run 'pod install' or update your CocoaPods installation.\" >&2\n    exit 1\nfi\n# This output is used by Xcode 'outputs' to avoid re-running this script phase.\necho \"SUCCESS\" > \"${SCRIPT_OUTPUT_FILE_0}\"\n";
			showEnvVarsInLog = 0;
		};
		6066590E6D6586849763BFA7 /* [CP] Embed Pods Frameworks */ = {
			isa = PBXShellScriptBuildPhase;
			buildActionMask = 2147483647;
			files = (
			);
			inputPaths = (
				"${SRCROOT}/Pods/Target Support Files/Pods-Canada/Pods-Canada-frameworks.sh",
				"${BUILT_PRODUCTS_DIR}/Alamofire/Alamofire.framework",
			);
			name = "[CP] Embed Pods Frameworks";
			outputPaths = (
				"${TARGET_BUILD_DIR}/${FRAMEWORKS_FOLDER_PATH}/Alamofire.framework",
			);
			runOnlyForDeploymentPostprocessing = 0;
			shellPath = /bin/sh;
			shellScript = "\"${SRCROOT}/Pods/Target Support Files/Pods-Canada/Pods-Canada-frameworks.sh\"\n";
			showEnvVarsInLog = 0;
		};
		C8EBA96A5697E0F7237B660F /* [CP] Check Pods Manifest.lock */ = {
			isa = PBXShellScriptBuildPhase;
			buildActionMask = 2147483647;
			files = (
			);
			inputPaths = (
				"${PODS_PODFILE_DIR_PATH}/Podfile.lock",
				"${PODS_ROOT}/Manifest.lock",
			);
			name = "[CP] Check Pods Manifest.lock";
			outputPaths = (
				"$(DERIVED_FILE_DIR)/Pods-CanadaUITests-checkManifestLockResult.txt",
			);
			runOnlyForDeploymentPostprocessing = 0;
			shellPath = /bin/sh;
			shellScript = "diff \"${PODS_PODFILE_DIR_PATH}/Podfile.lock\" \"${PODS_ROOT}/Manifest.lock\" > /dev/null\nif [ $? != 0 ] ; then\n    # print error to STDERR\n    echo \"error: The sandbox is not in sync with the Podfile.lock. Run 'pod install' or update your CocoaPods installation.\" >&2\n    exit 1\nfi\n# This output is used by Xcode 'outputs' to avoid re-running this script phase.\necho \"SUCCESS\" > \"${SCRIPT_OUTPUT_FILE_0}\"\n";
			showEnvVarsInLog = 0;
		};
		DF631781B9B76A124DD2B797 /* [CP] Check Pods Manifest.lock */ = {
			isa = PBXShellScriptBuildPhase;
			buildActionMask = 2147483647;
			files = (
			);
			inputPaths = (
				"${PODS_PODFILE_DIR_PATH}/Podfile.lock",
				"${PODS_ROOT}/Manifest.lock",
			);
			name = "[CP] Check Pods Manifest.lock";
			outputPaths = (
				"$(DERIVED_FILE_DIR)/Pods-CanadaTests-checkManifestLockResult.txt",
			);
			runOnlyForDeploymentPostprocessing = 0;
			shellPath = /bin/sh;
			shellScript = "diff \"${PODS_PODFILE_DIR_PATH}/Podfile.lock\" \"${PODS_ROOT}/Manifest.lock\" > /dev/null\nif [ $? != 0 ] ; then\n    # print error to STDERR\n    echo \"error: The sandbox is not in sync with the Podfile.lock. Run 'pod install' or update your CocoaPods installation.\" >&2\n    exit 1\nfi\n# This output is used by Xcode 'outputs' to avoid re-running this script phase.\necho \"SUCCESS\" > \"${SCRIPT_OUTPUT_FILE_0}\"\n";
			showEnvVarsInLog = 0;
		};
/* End PBXShellScriptBuildPhase section */

/* Begin PBXSourcesBuildPhase section */
		509096AC225F55A700FD349B /* Sources */ = {
			isa = PBXSourcesBuildPhase;
			buildActionMask = 2147483647;
			files = (
				509096B6225F55A700FD349B /* CanadaViewController.swift in Sources */,
				5036140D2265A22600BFA8C0 /* CanadaFactManager.swift in Sources */,
				509096F6225FB18100FD349B /* CanadaHelper.swift in Sources */,
				502937B322608217005D084D /* FactCollectionViewCell.swift in Sources */,
				509096F3225FB05300FD349B /* CanadaFactRequest.swift in Sources */,
				509096EF225FA48200FD349B /* RequestError.swift in Sources */,
				509096F1225FA48200FD349B /* RestRequestProtocol.swift in Sources */,
				509096F0225FA48200FD349B /* RestClientManager.swift in Sources */,
				509096B4225F55A700FD349B /* AppDelegate.swift in Sources */,
				5036140722654E6F00BFA8C0 /* ImageLoadHelper.swift in Sources */,
				5036140B22656C0200BFA8C0 /* UIViewAnchor.swift in Sources */,
				502937B5226082C0005D084D /* CollectionDataSourceDelegate.swift in Sources */,
				502937B722609B91005D084D /* CanadaFacts.swift in Sources */,
			);
			runOnlyForDeploymentPostprocessing = 0;
		};
		509096C3225F55A800FD349B /* Sources */ = {
			isa = PBXSourcesBuildPhase;
			buildActionMask = 2147483647;
			files = (
				509096F8225FB3F000FD349B /* RestClientTest.swift in Sources */,
				509096FB225FB44300FD349B /* CanadaRequestTest.swift in Sources */,
			);
			runOnlyForDeploymentPostprocessing = 0;
		};
		509096CE225F55A800FD349B /* Sources */ = {
			isa = PBXSourcesBuildPhase;
			buildActionMask = 2147483647;
			files = (
				509096D7225F55A800FD349B /* CanadaUITests.swift in Sources */,
			);
			runOnlyForDeploymentPostprocessing = 0;
		};
/* End PBXSourcesBuildPhase section */

/* Begin PBXTargetDependency section */
		509096C9225F55A800FD349B /* PBXTargetDependency */ = {
			isa = PBXTargetDependency;
			target = 509096AF225F55A700FD349B /* Canada */;
			targetProxy = 509096C8225F55A800FD349B /* PBXContainerItemProxy */;
		};
		509096D4225F55A800FD349B /* PBXTargetDependency */ = {
			isa = PBXTargetDependency;
			target = 509096AF225F55A700FD349B /* Canada */;
			targetProxy = 509096D3225F55A800FD349B /* PBXContainerItemProxy */;
		};
/* End PBXTargetDependency section */

/* Begin PBXVariantGroup section */
		509096BF225F55A800FD349B /* LaunchScreen.storyboard */ = {
			isa = PBXVariantGroup;
			children = (
				509096C0225F55A800FD349B /* Base */,
			);
			name = LaunchScreen.storyboard;
			sourceTree = "<group>";
		};
/* End PBXVariantGroup section */

/* Begin XCBuildConfiguration section */
		509096D9225F55A800FD349B /* Debug */ = {
			isa = XCBuildConfiguration;
			buildSettings = {
				ALWAYS_SEARCH_USER_PATHS = NO;
				CLANG_ANALYZER_NONNULL = YES;
				CLANG_ANALYZER_NUMBER_OBJECT_CONVERSION = YES_AGGRESSIVE;
				CLANG_CXX_LANGUAGE_STANDARD = "gnu++14";
				CLANG_CXX_LIBRARY = "libc++";
				CLANG_ENABLE_MODULES = YES;
				CLANG_ENABLE_OBJC_ARC = YES;
				CLANG_ENABLE_OBJC_WEAK = YES;
				CLANG_WARN_BLOCK_CAPTURE_AUTORELEASING = YES;
				CLANG_WARN_BOOL_CONVERSION = YES;
				CLANG_WARN_COMMA = YES;
				CLANG_WARN_CONSTANT_CONVERSION = YES;
				CLANG_WARN_DEPRECATED_OBJC_IMPLEMENTATIONS = YES;
				CLANG_WARN_DIRECT_OBJC_ISA_USAGE = YES_ERROR;
				CLANG_WARN_DOCUMENTATION_COMMENTS = YES;
				CLANG_WARN_EMPTY_BODY = YES;
				CLANG_WARN_ENUM_CONVERSION = YES;
				CLANG_WARN_INFINITE_RECURSION = YES;
				CLANG_WARN_INT_CONVERSION = YES;
				CLANG_WARN_NON_LITERAL_NULL_CONVERSION = YES;
				CLANG_WARN_OBJC_IMPLICIT_RETAIN_SELF = YES;
				CLANG_WARN_OBJC_LITERAL_CONVERSION = YES;
				CLANG_WARN_OBJC_ROOT_CLASS = YES_ERROR;
				CLANG_WARN_RANGE_LOOP_ANALYSIS = YES;
				CLANG_WARN_STRICT_PROTOTYPES = YES;
				CLANG_WARN_SUSPICIOUS_MOVE = YES;
				CLANG_WARN_UNGUARDED_AVAILABILITY = YES_AGGRESSIVE;
				CLANG_WARN_UNREACHABLE_CODE = YES;
				CLANG_WARN__DUPLICATE_METHOD_MATCH = YES;
				CODE_SIGN_IDENTITY = "iPhone Developer";
				COPY_PHASE_STRIP = NO;
				DEBUG_INFORMATION_FORMAT = dwarf;
				ENABLE_STRICT_OBJC_MSGSEND = YES;
				ENABLE_TESTABILITY = YES;
				GCC_C_LANGUAGE_STANDARD = gnu11;
				GCC_DYNAMIC_NO_PIC = NO;
				GCC_NO_COMMON_BLOCKS = YES;
				GCC_OPTIMIZATION_LEVEL = 0;
				GCC_PREPROCESSOR_DEFINITIONS = (
					"DEBUG=1",
					"$(inherited)",
				);
				GCC_WARN_64_TO_32_BIT_CONVERSION = YES;
				GCC_WARN_ABOUT_RETURN_TYPE = YES_ERROR;
				GCC_WARN_UNDECLARED_SELECTOR = YES;
				GCC_WARN_UNINITIALIZED_AUTOS = YES_AGGRESSIVE;
				GCC_WARN_UNUSED_FUNCTION = YES;
				GCC_WARN_UNUSED_VARIABLE = YES;
				IBSC_FLATTEN_NIBS = YES;
				IPHONEOS_DEPLOYMENT_TARGET = 11.0;
				MTL_ENABLE_DEBUG_INFO = INCLUDE_SOURCE;
				MTL_FAST_MATH = YES;
				ONLY_ACTIVE_ARCH = YES;
				SDKROOT = iphoneos;
				SWIFT_ACTIVE_COMPILATION_CONDITIONS = DEBUG;
				SWIFT_OPTIMIZATION_LEVEL = "-Onone";
			};
			name = Debug;
		};
		509096DA225F55A800FD349B /* Release */ = {
			isa = XCBuildConfiguration;
			buildSettings = {
				ALWAYS_SEARCH_USER_PATHS = NO;
				CLANG_ANALYZER_NONNULL = YES;
				CLANG_ANALYZER_NUMBER_OBJECT_CONVERSION = YES_AGGRESSIVE;
				CLANG_CXX_LANGUAGE_STANDARD = "gnu++14";
				CLANG_CXX_LIBRARY = "libc++";
				CLANG_ENABLE_MODULES = YES;
				CLANG_ENABLE_OBJC_ARC = YES;
				CLANG_ENABLE_OBJC_WEAK = YES;
				CLANG_WARN_BLOCK_CAPTURE_AUTORELEASING = YES;
				CLANG_WARN_BOOL_CONVERSION = YES;
				CLANG_WARN_COMMA = YES;
				CLANG_WARN_CONSTANT_CONVERSION = YES;
				CLANG_WARN_DEPRECATED_OBJC_IMPLEMENTATIONS = YES;
				CLANG_WARN_DIRECT_OBJC_ISA_USAGE = YES_ERROR;
				CLANG_WARN_DOCUMENTATION_COMMENTS = YES;
				CLANG_WARN_EMPTY_BODY = YES;
				CLANG_WARN_ENUM_CONVERSION = YES;
				CLANG_WARN_INFINITE_RECURSION = YES;
				CLANG_WARN_INT_CONVERSION = YES;
				CLANG_WARN_NON_LITERAL_NULL_CONVERSION = YES;
				CLANG_WARN_OBJC_IMPLICIT_RETAIN_SELF = YES;
				CLANG_WARN_OBJC_LITERAL_CONVERSION = YES;
				CLANG_WARN_OBJC_ROOT_CLASS = YES_ERROR;
				CLANG_WARN_RANGE_LOOP_ANALYSIS = YES;
				CLANG_WARN_STRICT_PROTOTYPES = YES;
				CLANG_WARN_SUSPICIOUS_MOVE = YES;
				CLANG_WARN_UNGUARDED_AVAILABILITY = YES_AGGRESSIVE;
				CLANG_WARN_UNREACHABLE_CODE = YES;
				CLANG_WARN__DUPLICATE_METHOD_MATCH = YES;
				CODE_SIGN_IDENTITY = "iPhone Developer";
				COPY_PHASE_STRIP = NO;
				DEBUG_INFORMATION_FORMAT = "dwarf-with-dsym";
				ENABLE_NS_ASSERTIONS = NO;
				ENABLE_STRICT_OBJC_MSGSEND = YES;
				GCC_C_LANGUAGE_STANDARD = gnu11;
				GCC_NO_COMMON_BLOCKS = YES;
				GCC_WARN_64_TO_32_BIT_CONVERSION = YES;
				GCC_WARN_ABOUT_RETURN_TYPE = YES_ERROR;
				GCC_WARN_UNDECLARED_SELECTOR = YES;
				GCC_WARN_UNINITIALIZED_AUTOS = YES_AGGRESSIVE;
				GCC_WARN_UNUSED_FUNCTION = YES;
				GCC_WARN_UNUSED_VARIABLE = YES;
				IBSC_FLATTEN_NIBS = YES;
				IPHONEOS_DEPLOYMENT_TARGET = 11.0;
				MTL_ENABLE_DEBUG_INFO = NO;
				MTL_FAST_MATH = YES;
				SDKROOT = iphoneos;
				SWIFT_COMPILATION_MODE = wholemodule;
				SWIFT_OPTIMIZATION_LEVEL = "-O";
				VALIDATE_PRODUCT = YES;
			};
			name = Release;
		};
		509096DC225F55A800FD349B /* Debug */ = {
			isa = XCBuildConfiguration;
			baseConfigurationReference = B2C6A2194AE322DB0E15BF60 /* Pods-Canada.debug.xcconfig */;
			buildSettings = {
				ASSETCATALOG_COMPILER_APPICON_NAME = AppIcon;
				CODE_SIGN_STYLE = Automatic;
				DEVELOPMENT_TEAM = 54CYH8BZ5P;
				INFOPLIST_FILE = Canada/SupportingFiles/Info.plist;
				LD_RUNPATH_SEARCH_PATHS = (
					"$(inherited)",
					"@executable_path/Frameworks",
				);
				PRODUCT_BUNDLE_IDENTIFIER = com.company.Canada;
				PRODUCT_NAME = "$(TARGET_NAME)";
				SWIFT_VERSION = 4.2;
				SYSTEM_FRAMEWORK_SEARCH_PATHS = (
					"$(inherited)",
					$PODS_CONFIGURATION_BUILD_DIR/Alamofire,
					"$(SRCROOT)/**",
				);
				TARGETED_DEVICE_FAMILY = "1,2";
			};
			name = Debug;
		};
		509096DD225F55A800FD349B /* Release */ = {
			isa = XCBuildConfiguration;
			baseConfigurationReference = 9B722CEEDC46279B0DA2899E /* Pods-Canada.release.xcconfig */;
			buildSettings = {
				ASSETCATALOG_COMPILER_APPICON_NAME = AppIcon;
				CODE_SIGN_STYLE = Automatic;
				DEVELOPMENT_TEAM = 54CYH8BZ5P;
				INFOPLIST_FILE = Canada/SupportingFiles/Info.plist;
				LD_RUNPATH_SEARCH_PATHS = (
					"$(inherited)",
					"@executable_path/Frameworks",
				);
				PRODUCT_BUNDLE_IDENTIFIER = com.company.Canada;
				PRODUCT_NAME = "$(TARGET_NAME)";
				SWIFT_VERSION = 4.2;
				SYSTEM_FRAMEWORK_SEARCH_PATHS = (
					"$(inherited)",
					$PODS_CONFIGURATION_BUILD_DIR/Alamofire,
					"$(SRCROOT)/**",
				);
				TARGETED_DEVICE_FAMILY = "1,2";
			};
			name = Release;
		};
		509096DF225F55A800FD349B /* Debug */ = {
			isa = XCBuildConfiguration;
			baseConfigurationReference = AB75E2EC0D8D7CCAD7C3FCD0 /* Pods-CanadaTests.debug.xcconfig */;
			buildSettings = {
				ALWAYS_EMBED_SWIFT_STANDARD_LIBRARIES = YES;
				BUNDLE_LOADER = "$(TEST_HOST)";
				CODE_SIGN_STYLE = Automatic;
				DEVELOPMENT_TEAM = 54CYH8BZ5P;
				INFOPLIST_FILE = CanadaTests/Info.plist;
				LD_RUNPATH_SEARCH_PATHS = (
					"$(inherited)",
					"@executable_path/Frameworks",
					"@loader_path/Frameworks",
				);
				PRODUCT_BUNDLE_IDENTIFIER = com.company.CanadaTests;
				PRODUCT_NAME = "$(TARGET_NAME)";
				SWIFT_VERSION = 4.2;
				TARGETED_DEVICE_FAMILY = "1,2";
				TEST_HOST = "$(BUILT_PRODUCTS_DIR)/Canada.app/Canada";
			};
			name = Debug;
		};
		509096E0225F55A800FD349B /* Release */ = {
			isa = XCBuildConfiguration;
			baseConfigurationReference = DFD50FC0CA2C6DD3D939F8B0 /* Pods-CanadaTests.release.xcconfig */;
			buildSettings = {
				ALWAYS_EMBED_SWIFT_STANDARD_LIBRARIES = YES;
				BUNDLE_LOADER = "$(TEST_HOST)";
				CODE_SIGN_STYLE = Automatic;
				DEVELOPMENT_TEAM = 54CYH8BZ5P;
				INFOPLIST_FILE = CanadaTests/Info.plist;
				LD_RUNPATH_SEARCH_PATHS = (
					"$(inherited)",
					"@executable_path/Frameworks",
					"@loader_path/Frameworks",
				);
				PRODUCT_BUNDLE_IDENTIFIER = com.company.CanadaTests;
				PRODUCT_NAME = "$(TARGET_NAME)";
				SWIFT_VERSION = 4.2;
				TARGETED_DEVICE_FAMILY = "1,2";
				TEST_HOST = "$(BUILT_PRODUCTS_DIR)/Canada.app/Canada";
			};
			name = Release;
		};
		509096E2225F55A800FD349B /* Debug */ = {
			isa = XCBuildConfiguration;
			baseConfigurationReference = 0B80D19728991ACBD457C5A3 /* Pods-CanadaUITests.debug.xcconfig */;
			buildSettings = {
				ALWAYS_EMBED_SWIFT_STANDARD_LIBRARIES = YES;
				CODE_SIGN_STYLE = Automatic;
				DEVELOPMENT_TEAM = 54CYH8BZ5P;
				INFOPLIST_FILE = CanadaUITests/Info.plist;
				LD_RUNPATH_SEARCH_PATHS = (
					"$(inherited)",
					"@executable_path/Frameworks",
					"@loader_path/Frameworks",
				);
				PRODUCT_BUNDLE_IDENTIFIER = com.company.CanadaUITests;
				PRODUCT_NAME = "$(TARGET_NAME)";
				SWIFT_VERSION = 4.2;
				TARGETED_DEVICE_FAMILY = "1,2";
				TEST_TARGET_NAME = Canada;
			};
			name = Debug;
		};
		509096E3225F55A800FD349B /* Release */ = {
			isa = XCBuildConfiguration;
			baseConfigurationReference = 168601AA6FA5E70C0F7C541D /* Pods-CanadaUITests.release.xcconfig */;
			buildSettings = {
				ALWAYS_EMBED_SWIFT_STANDARD_LIBRARIES = YES;
				CODE_SIGN_STYLE = Automatic;
				DEVELOPMENT_TEAM = 54CYH8BZ5P;
				INFOPLIST_FILE = CanadaUITests/Info.plist;
				LD_RUNPATH_SEARCH_PATHS = (
					"$(inherited)",
					"@executable_path/Frameworks",
					"@loader_path/Frameworks",
				);
				PRODUCT_BUNDLE_IDENTIFIER = com.company.CanadaUITests;
				PRODUCT_NAME = "$(TARGET_NAME)";
				SWIFT_VERSION = 4.2;
				TARGETED_DEVICE_FAMILY = "1,2";
				TEST_TARGET_NAME = Canada;
			};
			name = Release;
		};
/* End XCBuildConfiguration section */

/* Begin XCConfigurationList section */
		509096AB225F55A700FD349B /* Build configuration list for PBXProject "Canada" */ = {
			isa = XCConfigurationList;
			buildConfigurations = (
				509096D9225F55A800FD349B /* Debug */,
				509096DA225F55A800FD349B /* Release */,
			);
			defaultConfigurationIsVisible = 0;
			defaultConfigurationName = Release;
		};
		509096DB225F55A800FD349B /* Build configuration list for PBXNativeTarget "Canada" */ = {
			isa = XCConfigurationList;
			buildConfigurations = (
				509096DC225F55A800FD349B /* Debug */,
				509096DD225F55A800FD349B /* Release */,
			);
			defaultConfigurationIsVisible = 0;
			defaultConfigurationName = Release;
		};
		509096DE225F55A800FD349B /* Build configuration list for PBXNativeTarget "CanadaTests" */ = {
			isa = XCConfigurationList;
			buildConfigurations = (
				509096DF225F55A800FD349B /* Debug */,
				509096E0225F55A800FD349B /* Release */,
			);
			defaultConfigurationIsVisible = 0;
			defaultConfigurationName = Release;
		};
		509096E1225F55A800FD349B /* Build configuration list for PBXNativeTarget "CanadaUITests" */ = {
			isa = XCConfigurationList;
			buildConfigurations = (
				509096E2225F55A800FD349B /* Debug */,
				509096E3225F55A800FD349B /* Release */,
			);
			defaultConfigurationIsVisible = 0;
			defaultConfigurationName = Release;
		};
/* End XCConfigurationList section */
	};
	rootObject = 509096A8225F55A700FD349B /* Project object */;
}
